
Microsoft Visual Studio Solution File, Format Version 12.00
# Visual Studio Version 17
VisualStudioVersion = 17.7.34221.43
MinimumVisualStudioVersion = 10.0.40219.1
Project("{FAE04EC0-301F-11D3-BF4B-00C04F79EFBC}") = "Cyber_management", "Cyber_management\Cyber_management.csproj", "{77B144E6-2DDB-4874-8D20-A1D3D2B05E69}"
EndProject
Global
	GlobalSection(SolutionConfigurationPlatforms) = preSolution
		Debug|Any CPU = Debug|Any CPU
		Release|Any CPU = Release|Any CPU
	EndGlobalSection
	GlobalSection(ProjectConfigurationPlatforms) = postSolution
		{77B144E6-2DDB-4874-8D20-A1D3D2B05E69}.Debug|Any CPU.ActiveCfg = Debug|Any CPU
		{77B144E6-2DDB-4874-8D20-A1D3D2B05E69}.Debug|Any CPU.Build.0 = Debug|Any CPU
		{77B144E6-2DDB-4874-8D20-A1D3D2B05E69}.Release|Any CPU.ActiveCfg = Release|Any CPU
		{77B144E6-2DDB-4874-8D20-A1D3D2B05E69}.Release|Any CPU.Build.0 = Release|Any CPU
	EndGlobalSection
	GlobalSection(SolutionProperties) = preSolution
		HideSolutionNode = FALSE
	EndGlobalSection
	GlobalSection(ExtensibilityGlobals) = postSolution
		SolutionGuid = {B96E2E49-F2D1-452D-BCFA-8FFC8CD33A7E}
	EndGlobalSection
EndGlobal
